
Microsoft Visual Studio Solution File, Format Version 12.00
# Visual Studio Version 16
VisualStudioVersion = 16.0.28822.285
MinimumVisualStudioVersion = 10.0.40219.1
Project("{FAE04EC0-301F-11D3-BF4B-00C04F79EFBC}") = "EPPlusSample", "EPPlusSample.csproj", "{5452FCF3-4326-4EC4-A8BB-D1CB89E24DC5}"
EndProject
Global
	GlobalSection(SolutionConfigurationPlatforms) = preSolution
		Debug|Any CPU = Debug|Any CPU
		Release|Any CPU = Release|Any CPU
	EndGlobalSection
	GlobalSection(ProjectConfigurationPlatforms) = postSolution
		{5452FCF3-4326-4EC4-A8BB-D1CB89E24DC5}.Debug|Any CPU.ActiveCfg = Debug|Any CPU
		{5452FCF3-4326-4EC4-A8BB-D1CB89E24DC5}.Debug|Any CPU.Build.0 = Debug|Any CPU
		{5452FCF3-4326-4EC4-A8BB-D1CB89E24DC5}.Release|Any CPU.ActiveCfg = Release|Any CPU
		{5452FCF3-4326-4EC4-A8BB-D1CB89E24DC5}.Release|Any CPU.Build.0 = Release|Any CPU
	EndGlobalSection
	GlobalSection(SolutionProperties) = preSolution
		HideSolutionNode = FALSE
	EndGlobalSection
	GlobalSection(ExtensibilityGlobals) = postSolution
		SolutionGuid = {C2FAB9C1-7098-4B06-86A6-83589314B4A0}
	EndGlobalSection
EndGlobal
